
Microsoft Visual Studio Solution File, Format Version 12.00
# Visual Studio Version 17
VisualStudioVersion = 17.0.31919.166
MinimumVisualStudioVersion = 10.0.40219.1
Project("{9A19103F-16F7-4668-BE54-9A1E7A4F7556}") = "WebApplication1", "WebApplication1\WebApplication1.csproj", "{B8B39AD8-C137-451D-86BD-0D2138D27C9E}"
EndProject
Project("{FAE04EC0-301F-11D3-BF4B-00C04F79EFBC}") = "ProductControllerTest.cs", "ProductControllerTest.cs\ProductControllerTest.cs.csproj", "{4F597047-CE7A-43E4-9D16-4D202EF974DD}"
EndProject
Global
	GlobalSection(SolutionConfigurationPlatforms) = preSolution
		Debug|Any CPU = Debug|Any CPU
		Release|Any CPU = Release|Any CPU
	EndGlobalSection
	GlobalSection(ProjectConfigurationPlatforms) = postSolution
		{B8B39AD8-C137-451D-86BD-0D2138D27C9E}.Debug|Any CPU.ActiveCfg = Debug|Any CPU
		{B8B39AD8-C137-451D-86BD-0D2138D27C9E}.Debug|Any CPU.Build.0 = Debug|Any CPU
		{B8B39AD8-C137-451D-86BD-0D2138D27C9E}.Release|Any CPU.ActiveCfg = Release|Any CPU
		{B8B39AD8-C137-451D-86BD-0D2138D27C9E}.Release|Any CPU.Build.0 = Release|Any CPU
		{4F597047-CE7A-43E4-9D16-4D202EF974DD}.Debug|Any CPU.ActiveCfg = Debug|Any CPU
		{4F597047-CE7A-43E4-9D16-4D202EF974DD}.Debug|Any CPU.Build.0 = Debug|Any CPU
		{4F597047-CE7A-43E4-9D16-4D202EF974DD}.Release|Any CPU.ActiveCfg = Release|Any CPU
		{4F597047-CE7A-43E4-9D16-4D202EF974DD}.Release|Any CPU.Build.0 = Release|Any CPU
	EndGlobalSection
	GlobalSection(SolutionProperties) = preSolution
		HideSolutionNode = FALSE
	EndGlobalSection
	GlobalSection(ExtensibilityGlobals) = postSolution
		SolutionGuid = {208F0F09-06ED-4370-87DA-8B2EE43FAAEC}
	EndGlobalSection
EndGlobal
